
Microsoft Visual Studio Solution File, Format Version 12.00
# Visual Studio Version 17
VisualStudioVersion = 17.14.36408.4 d17.14
MinimumVisualStudioVersion = 10.0.40219.1
Project("{FAE04EC0-301F-11D3-BF4B-00C04F79EFBC}") = "TaskManagement.API", "TaskManagement.API\TaskManagement.API.csproj", "{D75F90FC-B7DC-49B6-917C-3913CB9CC302}"
EndProject
Project("{FAE04EC0-301F-11D3-BF4B-00C04F79EFBC}") = "TaskManagement.Domain", "TaskManagement.Domain\TaskManagement.Domain.csproj", "{9BA52791-D6A6-4200-A881-1FAEC2D6BF92}"
EndProject
Project("{FAE04EC0-301F-11D3-BF4B-00C04F79EFBC}") = "TaskManagement.Application", "TaskManagement.Application\TaskManagement.Application.csproj", "{B565647D-D90C-4ABC-B2C4-58E1D61C0862}"
EndProject
Project("{FAE04EC0-301F-11D3-BF4B-00C04F79EFBC}") = "TaskManagement.Infrastructure", "TaskManagement.Infrastructure\TaskManagement.Infrastructure.csproj", "{C2854C71-FE81-44C6-BB82-CCD9978D42D5}"
EndProject
Project("{FAE04EC0-301F-11D3-BF4B-00C04F79EFBC}") = "TaskManagement.Tests.Unit", "TaskManagement.Tests.Unit\TaskManagement.Tests.Unit.csproj", "{638175FE-A5F2-4874-9259-DC89DF0F2A02}"
EndProject
Global
	GlobalSection(SolutionConfigurationPlatforms) = preSolution
		Debug|Any CPU = Debug|Any CPU
		Release|Any CPU = Release|Any CPU
	EndGlobalSection
	GlobalSection(ProjectConfigurationPlatforms) = postSolution
		{D75F90FC-B7DC-49B6-917C-3913CB9CC302}.Debug|Any CPU.ActiveCfg = Debug|Any CPU
		{D75F90FC-B7DC-49B6-917C-3913CB9CC302}.Debug|Any CPU.Build.0 = Debug|Any CPU
		{D75F90FC-B7DC-49B6-917C-3913CB9CC302}.Release|Any CPU.ActiveCfg = Release|Any CPU
		{D75F90FC-B7DC-49B6-917C-3913CB9CC302}.Release|Any CPU.Build.0 = Release|Any CPU
		{9BA52791-D6A6-4200-A881-1FAEC2D6BF92}.Debug|Any CPU.ActiveCfg = Debug|Any CPU
		{9BA52791-D6A6-4200-A881-1FAEC2D6BF92}.Debug|Any CPU.Build.0 = Debug|Any CPU
		{9BA52791-D6A6-4200-A881-1FAEC2D6BF92}.Release|Any CPU.ActiveCfg = Release|Any CPU
		{9BA52791-D6A6-4200-A881-1FAEC2D6BF92}.Release|Any CPU.Build.0 = Release|Any CPU
		{B565647D-D90C-4ABC-B2C4-58E1D61C0862}.Debug|Any CPU.ActiveCfg = Debug|Any CPU
		{B565647D-D90C-4ABC-B2C4-58E1D61C0862}.Debug|Any CPU.Build.0 = Debug|Any CPU
		{B565647D-D90C-4ABC-B2C4-58E1D61C0862}.Release|Any CPU.ActiveCfg = Release|Any CPU
		{B565647D-D90C-4ABC-B2C4-58E1D61C0862}.Release|Any CPU.Build.0 = Release|Any CPU
		{C2854C71-FE81-44C6-BB82-CCD9978D42D5}.Debug|Any CPU.ActiveCfg = Debug|Any CPU
		{C2854C71-FE81-44C6-BB82-CCD9978D42D5}.Debug|Any CPU.Build.0 = Debug|Any CPU
		{C2854C71-FE81-44C6-BB82-CCD9978D42D5}.Release|Any CPU.ActiveCfg = Release|Any CPU
		{C2854C71-FE81-44C6-BB82-CCD9978D42D5}.Release|Any CPU.Build.0 = Release|Any CPU
		{638175FE-A5F2-4874-9259-DC89DF0F2A02}.Debug|Any CPU.ActiveCfg = Debug|Any CPU
		{638175FE-A5F2-4874-9259-DC89DF0F2A02}.Debug|Any CPU.Build.0 = Debug|Any CPU
		{638175FE-A5F2-4874-9259-DC89DF0F2A02}.Release|Any CPU.ActiveCfg = Release|Any CPU
		{638175FE-A5F2-4874-9259-DC89DF0F2A02}.Release|Any CPU.Build.0 = Release|Any CPU
	EndGlobalSection
	GlobalSection(SolutionProperties) = preSolution
		HideSolutionNode = FALSE
	EndGlobalSection
	GlobalSection(ExtensibilityGlobals) = postSolution
		SolutionGuid = {E7CC1C27-4366-4D5F-AEE3-F9D729991F40}
	EndGlobalSection
EndGlobal
